
Microsoft Visual Studio Solution File, Format Version 12.00
Project("{FAE04EC0-301F-11D3-BF4B-00C04F79EFBC}") = "Server", "Server\Server.csproj", "{61708527-AA32-4844-B87B-3EBBD9DC70C4}"
EndProject
Project("{FAE04EC0-301F-11D3-BF4B-00C04F79EFBC}") = "Client", "Client\Client.csproj", "{5525258E-480D-479F-A1CF-CC7CDFB414F6}"
EndProject
Global
	GlobalSection(SolutionConfigurationPlatforms) = preSolution
		Debug|Any CPU = Debug|Any CPU
		Release|Any CPU = Release|Any CPU
	EndGlobalSection
	GlobalSection(ProjectConfigurationPlatforms) = postSolution
		{61708527-AA32-4844-B87B-3EBBD9DC70C4}.Debug|Any CPU.ActiveCfg = Debug|Any CPU
		{61708527-AA32-4844-B87B-3EBBD9DC70C4}.Debug|Any CPU.Build.0 = Debug|Any CPU
		{61708527-AA32-4844-B87B-3EBBD9DC70C4}.Release|Any CPU.ActiveCfg = Release|Any CPU
		{61708527-AA32-4844-B87B-3EBBD9DC70C4}.Release|Any CPU.Build.0 = Release|Any CPU
		{5525258E-480D-479F-A1CF-CC7CDFB414F6}.Debug|Any CPU.ActiveCfg = Debug|Any CPU
		{5525258E-480D-479F-A1CF-CC7CDFB414F6}.Debug|Any CPU.Build.0 = Debug|Any CPU
		{5525258E-480D-479F-A1CF-CC7CDFB414F6}.Release|Any CPU.ActiveCfg = Release|Any CPU
		{5525258E-480D-479F-A1CF-CC7CDFB414F6}.Release|Any CPU.Build.0 = Release|Any CPU
	EndGlobalSection
EndGlobal
